github.com/JosephZoeller/maritime-royale v0.0.0-20200317062959-af55f620d2e8 h1:OR+kxuaooTcePjQ3pkDcsShz0ThBWTn15IMGKjB3/SQ=
github.com/JosephZoeller/maritime-royale v0.0.0-20200317062959-af55f620d2e8/go.mod h1:mTWjeFBEyex1M81uHlSAqprIVzl7wDORLBAGZxenLWI=
github.com/veandco/go-sdl2 v0.4.1 h1:HmSBvVmKWI8LAOeCfTTM8R33rMyPcs6U3o8n325c9Qg=
github.com/veandco/go-sdl2 v0.4.1/go.mod h1:FB+kTpX9YTE+urhYiClnRzpOXbiWgaU3+5F2AB78DPg=
